<Solution>
  <Project Path="ConsoleApp1/ConsoleApp1.csproj" Id="ed8eb3b1-edcb-450a-b627-b3161d8002c6" />
  <Project Path="DataLayer/DataLayer.csproj" />
  <Project Path="DataLayerDBFirst/DataLayerDBFirst.csproj" Id="c52386f4-6194-4188-9f96-03c473e3e717" />
  <Project Path="DomainLayer/DomainLayer.csproj" />
  <Project Path="WebApp/WebApp.csproj" Id="be176d7c-bccb-47e8-a31c-052681f61412" />
</Solution>
